
Microsoft Visual Studio Solution File, Format Version 12.00
# Visual Studio Version 16
VisualStudioVersion = 16.0.30611.23
MinimumVisualStudioVersion = 10.0.40219.1
Project("{FAE04EC0-301F-11D3-BF4B-00C04F79EFBC}") = "WhatsAppServer", "WhatsAppServer\WhatsAppServer.csproj", "{8CE4AAA7-4AF5-45E8-8146-FEA1DDCFC989}"
EndProject
Global
	GlobalSection(SolutionConfigurationPlatforms) = preSolution
		Debug|Any CPU = Debug|Any CPU
		Release|Any CPU = Release|Any CPU
	EndGlobalSection
	GlobalSection(ProjectConfigurationPlatforms) = postSolution
		{8CE4AAA7-4AF5-45E8-8146-FEA1DDCFC989}.Debug|Any CPU.ActiveCfg = Debug|Any CPU
		{8CE4AAA7-4AF5-45E8-8146-FEA1DDCFC989}.Debug|Any CPU.Build.0 = Debug|Any CPU
		{8CE4AAA7-4AF5-45E8-8146-FEA1DDCFC989}.Release|Any CPU.ActiveCfg = Release|Any CPU
		{8CE4AAA7-4AF5-45E8-8146-FEA1DDCFC989}.Release|Any CPU.Build.0 = Release|Any CPU
	EndGlobalSection
	GlobalSection(SolutionProperties) = preSolution
		HideSolutionNode = FALSE
	EndGlobalSection
	GlobalSection(ExtensibilityGlobals) = postSolution
		SolutionGuid = {9004BEC3-881E-4F25-A9E7-3466C8602EE2}
	EndGlobalSection
EndGlobal
